// !$*UTF8*$!
{
	archiveVersion = 1;
	classes = {
	};
	objectVersion = 46;
	objects = {

/* Begin PBXBuildFile section */
		D321E39E1EFAEC46004A9ADF /* AppDelegate.swift in Sources */ = {isa = PBXBuildFile; fileRef = D321E39D1EFAEC46004A9ADF /* AppDelegate.swift */; };
		D321E3A31EFAEC46004A9ADF /* Main.storyboard in Resources */ = {isa = PBXBuildFile; fileRef = D321E3A11EFAEC46004A9ADF /* Main.storyboard */; };
		D321E3A51EFAEC46004A9ADF /* Assets.xcassets in Resources */ = {isa = PBXBuildFile; fileRef = D321E3A41EFAEC46004A9ADF /* Assets.xcassets */; };
		D321E3A81EFAEC46004A9ADF /* LaunchScreen.storyboard in Resources */ = {isa = PBXBuildFile; fileRef = D321E3A61EFAEC46004A9ADF /* LaunchScreen.storyboard */; };
		D321E3B01EFAED63004A9ADF /* CurrencyViewController.swift in Sources */ = {isa = PBXBuildFile; fileRef = D321E3AF1EFAED63004A9ADF /* CurrencyViewController.swift */; };
/* End PBXBuildFile section */

/* Begin PBXFileReference section */
		D321E39A1EFAEC46004A9ADF /* currecyApp.app */ = {isa = PBXFileReference; explicitFileType = wrapper.application; includeInIndex = 0; path = currecyApp.app; sourceTree = BUILT_PRODUCTS_DIR; };
		D321E39D1EFAEC46004A9ADF /* AppDelegate.swift */ = {isa = PBXFileReference; lastKnownFileType = sourcecode.swift; path = AppDelegate.swift; sourceTree = "<group>"; };
		D321E3A21EFAEC46004A9ADF /* Base */ = {isa = PBXFileReference; lastKnownFileType = file.storyboard; name = Base; path = Base.lproj/Main.storyboard; sourceTree = "<group>"; };
		D321E3A41EFAEC46004A9ADF /* Assets.xcassets */ = {isa = PBXFileReference; lastKnownFileType = folder.assetcatalog; path = Assets.xcassets; sourceTree = "<group>"; };
		D321E3A71EFAEC46004A9ADF /* Base */ = {isa = PBXFileReference; lastKnownFileType = file.storyboard; name = Base; path = Base.lproj/LaunchScreen.storyboard; sourceTree = "<group>"; };
		D321E3A91EFAEC46004A9ADF /* Info.plist */ = {isa = PBXFileReference; lastKnownFileType = text.plist.xml; path = Info.plist; sourceTree = "<group>"; };
		D321E3AF1EFAED63004A9ADF /* CurrencyViewController.swift */ = {isa = PBXFileReference; fileEncoding = 4; lastKnownFileType = sourcecode.swift; path = CurrencyViewController.swift; sourceTree = "<group>"; };
/* End PBXFileReference section */

/* Begin PBXFrameworksBuildPhase section */
		D321E3971EFAEC46004A9ADF /* Frameworks */ = {
			isa = PBXFrameworksBuildPhase;
			buildActionMask = 2147483647;
			files = (
			);
			runOnlyForDeploymentPostprocessing = 0;
		};
/* End PBXFrameworksBuildPhase section */

/* Begin PBXGroup section */
		D321E3911EFAEC46004A9ADF = {
			isa = PBXGroup;
			children = (
				D321E39C1EFAEC46004A9ADF /* currecyApp */,
				D321E39B1EFAEC46004A9ADF /* Products */,
			);
			sourceTree = "<group>";
		};
		D321E39B1EFAEC46004A9ADF /* Products */ = {
			isa = PBXGroup;
			children = (
				D321E39A1EFAEC46004A9ADF /* currecyApp.app */,
			);
			name = Products;
			sourceTree = "<group>";
		};
		D321E39C1EFAEC46004A9ADF /* currecyApp */ = {
			isa = PBXGroup;
			children = (
				D321E39D1EFAEC46004A9ADF /* AppDelegate.swift */,
				D321E3A11EFAEC46004A9ADF /* Main.storyboard */,
				D321E3A41EFAEC46004A9ADF /* Assets.xcassets */,
				D321E3A61EFAEC46004A9ADF /* LaunchScreen.storyboard */,
				D321E3A91EFAEC46004A9ADF /* Info.plist */,
				D321E3AF1EFAED63004A9ADF /* CurrencyViewController.swift */,
			);
			path = currecyApp;
			sourceTree = "<group>";
		};
/* End PBXGroup section */

/* Begin PBXNativeTarget section */
		D321E3991EFAEC46004A9ADF /* currecyApp */ = {
			isa = PBXNativeTarget;
			buildConfigurationList = D321E3AC1EFAEC46004A9ADF /* Build configuration list for PBXNativeTarget "currecyApp" */;
			buildPhases = (
				D321E3961EFAEC46004A9ADF /* Sources */,
				D321E3971EFAEC46004A9ADF /* Frameworks */,
				D321E3981EFAEC46004A9ADF /* Resources */,
			);
			buildRules = (
			);
			dependencies = (
			);
			name = currecyApp;
			productName = currecyApp;
			productReference = D321E39A1EFAEC46004A9ADF /* currecyApp.app */;
			productType = "com.apple.product-type.application";
		};
/* End PBXNativeTarget section */

/* Begin PBXProject section */
		D321E3921EFAEC46004A9ADF /* Project object */ = {
			isa = PBXProject;
			attributes = {
				LastSwiftUpdateCheck = 0830;
				LastUpgradeCheck = 0830;
				ORGANIZATIONNAME = jamee;
				TargetAttributes = {
					D321E3991EFAEC46004A9ADF = {
						CreatedOnToolsVersion = 8.3.3;
						ProvisioningStyle = Automatic;
					};
				};
			};
			buildConfigurationList = D321E3951EFAEC46004A9ADF /* Build configuration list for PBXProject "currecyApp" */;
			compatibilityVersion = "Xcode 3.2";
			developmentRegion = English;
			hasScannedForEncodings = 0;
			knownRegions = (
				en,
				Base,
			);
			mainGroup = D321E3911EFAEC46004A9ADF;
			productRefGroup = D321E39B1EFAEC46004A9ADF /* Products */;
			projectDirPath = "";
			projectRoot = "";
			targets = (
				D321E3991EFAEC46004A9ADF /* currecyApp */,
			);
		};
/* End PBXProject section */

/* Begin PBXResourcesBuildPhase section */
		D321E3981EFAEC46004A9ADF /* Resources */ = {
			isa = PBXResourcesBuildPhase;
			buildActionMask = 2147483647;
			files = (
				D321E3A81EFAEC46004A9ADF /* LaunchScreen.storyboard in Resources */,
				D321E3A51EFAEC46004A9ADF /* Assets.xcassets in Resources */,
				D321E3A31EFAEC46004A9ADF /* Main.storyboard in Resources */,
			);
			runOnlyForDeploymentPostprocessing = 0;
		};
/* End PBXResourcesBuildPhase section */

/* Begin PBXSourcesBuildPhase section */
		D321E3961EFAEC46004A9ADF /* Sources */ = {
			isa = PBXSourcesBuildPhase;
			buildActionMask = 2147483647;
			files = (
				D321E39E1EFAEC46004A9ADF /* AppDelegate.swift in Sources */,
				D321E3B01EFAED63004A9ADF /* CurrencyViewController.swift in Sources */,
			);
			runOnlyForDeploymentPostprocessing = 0;
		};
/* End PBXSourcesBuildPhase section */

/* Begin PBXVariantGroup section */
		D321E3A11EFAEC46004A9ADF /* Main.storyboard */ = {
			isa = PBXVariantGroup;
			children = (
				D321E3A21EFAEC46004A9ADF /* Base */,
			);
			name = Main.storyboard;
			sourceTree = "<group>";
		};
		D321E3A61EFAEC46004A9ADF /* LaunchScreen.storyboard */ = {
			isa = PBXVariantGroup;
			children = (
				D321E3A71EFAEC46004A9ADF /* Base */,
			);
			name = LaunchScreen.storyboard;
			sourceTree = "<group>";
		};
/* End PBXVariantGroup section */

/* Begin XCBuildConfiguration section */
		D321E3AA1EFAEC46004A9ADF /* Debug */ = {
			isa = XCBuildConfiguration;
			buildSettings = {
				ALWAYS_SEARCH_USER_PATHS = NO;
				CLANG_ANALYZER_NONNULL = YES;
				CLANG_ANALYZER_NUMBER_OBJECT_CONVERSION = YES_AGGRESSIVE;
				CLANG_CXX_LANGUAGE_STANDARD = "gnu++0x";
				CLANG_CXX_LIBRARY = "libc++";
				CLANG_ENABLE_MODULES = YES;
				CLANG_ENABLE_OBJC_ARC = YES;
				CLANG_WARN_BOOL_CONVERSION = YES;
				CLANG_WARN_CONSTANT_CONVERSION = YES;
				CLANG_WARN_DIRECT_OBJC_ISA_USAGE = YES_ERROR;
				CLANG_WARN_DOCUMENTATION_COMMENTS = YES;
				CLANG_WARN_EMPTY_BODY = YES;
				CLANG_WARN_ENUM_CONVERSION = YES;
				CLANG_WARN_INFINITE_RECURSION = YES;
				CLANG_WARN_INT_CONVERSION = YES;
				CLANG_WARN_OBJC_ROOT_CLASS = YES_ERROR;
				CLANG_WARN_SUSPICIOUS_MOVE = YES;
				CLANG_WARN_UNREACHABLE_CODE = YES;
				CLANG_WARN__DUPLICATE_METHOD_MATCH = YES;
				"CODE_SIGN_IDENTITY[sdk=iphoneos*]" = "iPhone Developer";
				COPY_PHASE_STRIP = NO;
				DEBUG_INFORMATION_FORMAT = dwarf;
				ENABLE_STRICT_OBJC_MSGSEND = YES;
				ENABLE_TESTABILITY = YES;
				GCC_C_LANGUAGE_STANDARD = gnu99;
				GCC_DYNAMIC_NO_PIC = NO;
				GCC_NO_COMMON_BLOCKS = YES;
				GCC_OPTIMIZATION_LEVEL = 0;
				GCC_PREPROCESSOR_DEFINITIONS = (
					"DEBUG=1",
					"$(inherited)",
				);
				GCC_WARN_64_TO_32_BIT_CONVERSION = YES;
				GCC_WARN_ABOUT_RETURN_TYPE = YES_ERROR;
				GCC_WARN_UNDECLARED_SELECTOR = YES;
				GCC_WARN_UNINITIALIZED_AUTOS = YES_AGGRESSIVE;
				GCC_WARN_UNUSED_FUNCTION = YES;
				GCC_WARN_UNUSED_VARIABLE = YES;
				IPHONEOS_DEPLOYMENT_TARGET = 10.3;
				MTL_ENABLE_DEBUG_INFO = YES;
				ONLY_ACTIVE_ARCH = YES;
				SDKROOT = iphoneos;
				SWIFT_ACTIVE_COMPILATION_CONDITIONS = DEBUG;
				SWIFT_OPTIMIZATION_LEVEL = "-Onone";
			};
			name = Debug;
		};
		D321E3AB1EFAEC46004A9ADF /* Release */ = {
			isa = XCBuildConfiguration;
			buildSettings = {
				ALWAYS_SEARCH_USER_PATHS = NO;
				CLANG_ANALYZER_NONNULL = YES;
				CLANG_ANALYZER_NUMBER_OBJECT_CONVERSION = YES_AGGRESSIVE;
				CLANG_CXX_LANGUAGE_STANDARD = "gnu++0x";
				CLANG_CXX_LIBRARY = "libc++";
				CLANG_ENABLE_MODULES = YES;
				CLANG_ENABLE_OBJC_ARC = YES;
				CLANG_WARN_BOOL_CONVERSION = YES;
				CLANG_WARN_CONSTANT_CONVERSION = YES;
				CLANG_WARN_DIRECT_OBJC_ISA_USAGE = YES_ERROR;
				CLANG_WARN_DOCUMENTATION_COMMENTS = YES;
				CLANG_WARN_EMPTY_BODY = YES;
				CLANG_WARN_ENUM_CONVERSION = YES;
				CLANG_WARN_INFINITE_RECURSION = YES;
				CLANG_WARN_INT_CONVERSION = YES;
				CLANG_WARN_OBJC_ROOT_CLASS = YES_ERROR;
				CLANG_WARN_SUSPICIOUS_MOVE = YES;
				CLANG_WARN_UNREACHABLE_CODE = YES;
				CLANG_WARN__DUPLICATE_METHOD_MATCH = YES;
				"CODE_SIGN_IDENTITY[sdk=iphoneos*]" = "iPhone Developer";
				COPY_PHASE_STRIP = NO;
				DEBUG_INFORMATION_FORMAT = "dwarf-with-dsym";
				ENABLE_NS_ASSERTIONS = NO;
				ENABLE_STRICT_OBJC_MSGSEND = YES;
				GCC_C_LANGUAGE_STANDARD = gnu99;
				GCC_NO_COMMON_BLOCKS = YES;
				GCC_WARN_64_TO_32_BIT_CONVERSION = YES;
				GCC_WARN_ABOUT_RETURN_TYPE = YES_ERROR;
				GCC_WARN_UNDECLARED_SELECTOR = YES;
				GCC_WARN_UNINITIALIZED_AUTOS = YES_AGGRESSIVE;
				GCC_WARN_UNUSED_FUNCTION = YES;
				GCC_WARN_UNUSED_VARIABLE = YES;
				IPHONEOS_DEPLOYMENT_TARGET = 10.3;
				MTL_ENABLE_DEBUG_INFO = NO;
				SDKROOT = iphoneos;
				SWIFT_OPTIMIZATION_LEVEL = "-Owholemodule";
				VALIDATE_PRODUCT = YES;
			};
			name = Release;
		};
		D321E3AD1EFAEC46004A9ADF /* Debug */ = {
			isa = XCBuildConfiguration;
			buildSettings = {
				ASSETCATALOG_COMPILER_APPICON_NAME = AppIcon;
				INFOPLIST_FILE = currecyApp/Info.plist;
				LD_RUNPATH_SEARCH_PATHS = "$(inherited) @executable_path/Frameworks";
				PRODUCT_BUNDLE_IDENTIFIER = com.jamee.currecyApp;
				PRODUCT_NAME = "$(TARGET_NAME)";
				SWIFT_VERSION = 3.0;
			};
			name = Debug;
		};
		D321E3AE1EFAEC46004A9ADF /* Release */ = {
			isa = XCBuildConfiguration;
			buildSettings = {
				ASSETCATALOG_COMPILER_APPICON_NAME = AppIcon;
				INFOPLIST_FILE = currecyApp/Info.plist;
				LD_RUNPATH_SEARCH_PATHS = "$(inherited) @executable_path/Frameworks";
				PRODUCT_BUNDLE_IDENTIFIER = com.jamee.currecyApp;
				PRODUCT_NAME = "$(TARGET_NAME)";
				SWIFT_VERSION = 3.0;
			};
			name = Release;
		};
/* End XCBuildConfiguration section */

/* Begin XCConfigurationList section */
		D321E3951EFAEC46004A9ADF /* Build configuration list for PBXProject "currecyApp" */ = {
			isa = XCConfigurationList;
			buildConfigurations = (
				D321E3AA1EFAEC46004A9ADF /* Debug */,
				D321E3AB1EFAEC46004A9ADF /* Release */,
			);
			defaultConfigurationIsVisible = 0;
			defaultConfigurationName = Release;
		};
		D321E3AC1EFAEC46004A9ADF /* Build configuration list for PBXNativeTarget "currecyApp" */ = {
			isa = XCConfigurationList;
			buildConfigurations = (
				D321E3AD1EFAEC46004A9ADF /* Debug */,
				D321E3AE1EFAEC46004A9ADF /* Release */,
			);
			defaultConfigurationIsVisible = 0;
			defaultConfigurationName = Release;
		};
/* End XCConfigurationList section */
	};
	rootObject = D321E3921EFAEC46004A9ADF /* Project object */;
}
